
Microsoft Visual Studio Solution File, Format Version 12.00
# Visual Studio 15
VisualStudioVersion = 15.0.26730.10
MinimumVisualStudioVersion = 10.0.40219.1
Project("{FAE04EC0-301F-11D3-BF4B-00C04F79EFBC}") = "musicLED", "musicLED\musicLED.csproj", "{65135560-4BB8-46B8-9DE0-56992B9208C5}"
EndProject
Global
	GlobalSection(SolutionConfigurationPlatforms) = preSolution
		Debug|Any CPU = Debug|Any CPU
		Release|Any CPU = Release|Any CPU
	EndGlobalSection
	GlobalSection(ProjectConfigurationPlatforms) = postSolution
		{65135560-4BB8-46B8-9DE0-56992B9208C5}.Debug|Any CPU.ActiveCfg = Debug|Any CPU
		{65135560-4BB8-46B8-9DE0-56992B9208C5}.Debug|Any CPU.Build.0 = Debug|Any CPU
		{65135560-4BB8-46B8-9DE0-56992B9208C5}.Release|Any CPU.ActiveCfg = Release|Any CPU
		{65135560-4BB8-46B8-9DE0-56992B9208C5}.Release|Any CPU.Build.0 = Release|Any CPU
	EndGlobalSection
	GlobalSection(SolutionProperties) = preSolution
		HideSolutionNode = FALSE
	EndGlobalSection
	GlobalSection(ExtensibilityGlobals) = postSolution
		SolutionGuid = {4B0945C7-16D4-4DD1-8F24-0B6D527DB33E}
	EndGlobalSection
EndGlobal
